// !$*UTF8*$!
{
	archiveVersion = 1;
	classes = {
	};
	objectVersion = 50;
	objects = {

/* Begin PBXBuildFile section */
		545052212406E26600084CC1 /* AppDelegate.swift in Sources */ = {isa = PBXBuildFile; fileRef = 545052202406E26600084CC1 /* AppDelegate.swift */; };
		545052232406E26600084CC1 /* SceneDelegate.swift in Sources */ = {isa = PBXBuildFile; fileRef = 545052222406E26600084CC1 /* SceneDelegate.swift */; };
		545052252406E26600084CC1 /* ViewController.swift in Sources */ = {isa = PBXBuildFile; fileRef = 545052242406E26600084CC1 /* ViewController.swift */; };
		545052282406E26600084CC1 /* Main.storyboard in Resources */ = {isa = PBXBuildFile; fileRef = 545052262406E26600084CC1 /* Main.storyboard */; };
		5450522A2406E26800084CC1 /* Assets.xcassets in Resources */ = {isa = PBXBuildFile; fileRef = 545052292406E26800084CC1 /* Assets.xcassets */; };
		5450522D2406E26800084CC1 /* LaunchScreen.storyboard in Resources */ = {isa = PBXBuildFile; fileRef = 5450522B2406E26800084CC1 /* LaunchScreen.storyboard */; };
		5450523A2406E43400084CC1 /* ThirstySoftRegular.otf in Resources */ = {isa = PBXBuildFile; fileRef = 545052382406E43400084CC1 /* ThirstySoftRegular.otf */; };
		5450523B2406E43400084CC1 /* Delm-Medium.otf in Resources */ = {isa = PBXBuildFile; fileRef = 545052392406E43400084CC1 /* Delm-Medium.otf */; };
		549662AC240814C200AC55BE /* LayoutButton.swift in Sources */ = {isa = PBXBuildFile; fileRef = 549662AB240814C200AC55BE /* LayoutButton.swift */; };
		54AF41EF24193A6100B1AE17 /* ImagePickerView.swift in Sources */ = {isa = PBXBuildFile; fileRef = 54AF41EE24193A6100B1AE17 /* ImagePickerView.swift */; };
		54ED20D8240967CF00A5C879 /* CustomStackView.swift in Sources */ = {isa = PBXBuildFile; fileRef = 54ED20D7240967CF00A5C879 /* CustomStackView.swift */; };
		54F3D00E24194DB7003514C3 /* ImagePickerButton.swift in Sources */ = {isa = PBXBuildFile; fileRef = 54F3D00D24194DB7003514C3 /* ImagePickerButton.swift */; };
/* End PBXBuildFile section */

/* Begin PBXFileReference section */
		5450521D2406E26600084CC1 /* PhotoApp.app */ = {isa = PBXFileReference; explicitFileType = wrapper.application; includeInIndex = 0; path = PhotoApp.app; sourceTree = BUILT_PRODUCTS_DIR; };
		545052202406E26600084CC1 /* AppDelegate.swift */ = {isa = PBXFileReference; lastKnownFileType = sourcecode.swift; path = AppDelegate.swift; sourceTree = "<group>"; };
		545052222406E26600084CC1 /* SceneDelegate.swift */ = {isa = PBXFileReference; lastKnownFileType = sourcecode.swift; path = SceneDelegate.swift; sourceTree = "<group>"; };
		545052242406E26600084CC1 /* ViewController.swift */ = {isa = PBXFileReference; lastKnownFileType = sourcecode.swift; path = ViewController.swift; sourceTree = "<group>"; };
		545052272406E26600084CC1 /* Base */ = {isa = PBXFileReference; lastKnownFileType = file.storyboard; name = Base; path = Base.lproj/Main.storyboard; sourceTree = "<group>"; };
		545052292406E26800084CC1 /* Assets.xcassets */ = {isa = PBXFileReference; lastKnownFileType = folder.assetcatalog; path = Assets.xcassets; sourceTree = "<group>"; };
		5450522C2406E26800084CC1 /* Base */ = {isa = PBXFileReference; lastKnownFileType = file.storyboard; name = Base; path = Base.lproj/LaunchScreen.storyboard; sourceTree = "<group>"; };
		5450522E2406E26800084CC1 /* Info.plist */ = {isa = PBXFileReference; lastKnownFileType = text.plist.xml; path = Info.plist; sourceTree = "<group>"; };
		545052382406E43400084CC1 /* ThirstySoftRegular.otf */ = {isa = PBXFileReference; lastKnownFileType = file; path = ThirstySoftRegular.otf; sourceTree = "<group>"; };
		545052392406E43400084CC1 /* Delm-Medium.otf */ = {isa = PBXFileReference; lastKnownFileType = file; path = "Delm-Medium.otf"; sourceTree = "<group>"; };
		549662AB240814C200AC55BE /* LayoutButton.swift */ = {isa = PBXFileReference; lastKnownFileType = sourcecode.swift; path = LayoutButton.swift; sourceTree = "<group>"; };
		54AF41EE24193A6100B1AE17 /* ImagePickerView.swift */ = {isa = PBXFileReference; lastKnownFileType = sourcecode.swift; path = ImagePickerView.swift; sourceTree = "<group>"; };
		54ED20D7240967CF00A5C879 /* CustomStackView.swift */ = {isa = PBXFileReference; lastKnownFileType = sourcecode.swift; path = CustomStackView.swift; sourceTree = "<group>"; };
		54F3D00D24194DB7003514C3 /* ImagePickerButton.swift */ = {isa = PBXFileReference; lastKnownFileType = sourcecode.swift; path = ImagePickerButton.swift; sourceTree = "<group>"; };
/* End PBXFileReference section */

/* Begin PBXFrameworksBuildPhase section */
		5450521A2406E26600084CC1 /* Frameworks */ = {
			isa = PBXFrameworksBuildPhase;
			buildActionMask = 2147483647;
			files = (
			);
			runOnlyForDeploymentPostprocessing = 0;
		};
/* End PBXFrameworksBuildPhase section */

/* Begin PBXGroup section */
		545052142406E26600084CC1 = {
			isa = PBXGroup;
			children = (
				5450521F2406E26600084CC1 /* PhotoApp */,
				5450521E2406E26600084CC1 /* Products */,
			);
			sourceTree = "<group>";
		};
		5450521E2406E26600084CC1 /* Products */ = {
			isa = PBXGroup;
			children = (
				5450521D2406E26600084CC1 /* PhotoApp.app */,
			);
			name = Products;
			sourceTree = "<group>";
		};
		5450521F2406E26600084CC1 /* PhotoApp */ = {
			isa = PBXGroup;
			children = (
				545052362406E39800084CC1 /* Model */,
				545052352406E39200084CC1 /* Controller */,
				545052342406E38A00084CC1 /* View */,
				545052372406E3A000084CC1 /* Supporting Files */,
			);
			path = PhotoApp;
			sourceTree = "<group>";
		};
		545052342406E38A00084CC1 /* View */ = {
			isa = PBXGroup;
			children = (
				545052262406E26600084CC1 /* Main.storyboard */,
				549662AB240814C200AC55BE /* LayoutButton.swift */,
				54ED20D7240967CF00A5C879 /* CustomStackView.swift */,
				54AF41EE24193A6100B1AE17 /* ImagePickerView.swift */,
				54F3D00D24194DB7003514C3 /* ImagePickerButton.swift */,
			);
			path = View;
			sourceTree = "<group>";
		};
		545052352406E39200084CC1 /* Controller */ = {
			isa = PBXGroup;
			children = (
				545052242406E26600084CC1 /* ViewController.swift */,
			);
			path = Controller;
			sourceTree = "<group>";
		};
		545052362406E39800084CC1 /* Model */ = {
			isa = PBXGroup;
			children = (
			);
			path = Model;
			sourceTree = "<group>";
		};
		545052372406E3A000084CC1 /* Supporting Files */ = {
			isa = PBXGroup;
			children = (
				545052202406E26600084CC1 /* AppDelegate.swift */,
				545052222406E26600084CC1 /* SceneDelegate.swift */,
				545052392406E43400084CC1 /* Delm-Medium.otf */,
				545052382406E43400084CC1 /* ThirstySoftRegular.otf */,
				545052292406E26800084CC1 /* Assets.xcassets */,
				5450522B2406E26800084CC1 /* LaunchScreen.storyboard */,
				5450522E2406E26800084CC1 /* Info.plist */,
			);
			path = "Supporting Files";
			sourceTree = "<group>";
		};
/* End PBXGroup section */

/* Begin PBXNativeTarget section */
		5450521C2406E26600084CC1 /* PhotoApp */ = {
			isa = PBXNativeTarget;
			buildConfigurationList = 545052312406E26800084CC1 /* Build configuration list for PBXNativeTarget "PhotoApp" */;
			buildPhases = (
				545052192406E26600084CC1 /* Sources */,
				5450521A2406E26600084CC1 /* Frameworks */,
				5450521B2406E26600084CC1 /* Resources */,
			);
			buildRules = (
			);
			dependencies = (
			);
			name = PhotoApp;
			productName = PhotoApp;
			productReference = 5450521D2406E26600084CC1 /* PhotoApp.app */;
			productType = "com.apple.product-type.application";
		};
/* End PBXNativeTarget section */

/* Begin PBXProject section */
		545052152406E26600084CC1 /* Project object */ = {
			isa = PBXProject;
			attributes = {
				LastSwiftUpdateCheck = 1120;
				LastUpgradeCheck = 1120;
				ORGANIZATIONNAME = "harold aholoukpe";
				TargetAttributes = {
					5450521C2406E26600084CC1 = {
						CreatedOnToolsVersion = 11.2.1;
					};
				};
			};
			buildConfigurationList = 545052182406E26600084CC1 /* Build configuration list for PBXProject "PhotoApp" */;
			compatibilityVersion = "Xcode 9.3";
			developmentRegion = en;
			hasScannedForEncodings = 0;
			knownRegions = (
				en,
				Base,
			);
			mainGroup = 545052142406E26600084CC1;
			productRefGroup = 5450521E2406E26600084CC1 /* Products */;
			projectDirPath = "";
			projectRoot = "";
			targets = (
				5450521C2406E26600084CC1 /* PhotoApp */,
			);
		};
/* End PBXProject section */

/* Begin PBXResourcesBuildPhase section */
		5450521B2406E26600084CC1 /* Resources */ = {
			isa = PBXResourcesBuildPhase;
			buildActionMask = 2147483647;
			files = (
				5450522D2406E26800084CC1 /* LaunchScreen.storyboard in Resources */,
				5450523B2406E43400084CC1 /* Delm-Medium.otf in Resources */,
				5450522A2406E26800084CC1 /* Assets.xcassets in Resources */,
				5450523A2406E43400084CC1 /* ThirstySoftRegular.otf in Resources */,
				545052282406E26600084CC1 /* Main.storyboard in Resources */,
			);
			runOnlyForDeploymentPostprocessing = 0;
		};
/* End PBXResourcesBuildPhase section */

/* Begin PBXSourcesBuildPhase section */
		545052192406E26600084CC1 /* Sources */ = {
			isa = PBXSourcesBuildPhase;
			buildActionMask = 2147483647;
			files = (
				54ED20D8240967CF00A5C879 /* CustomStackView.swift in Sources */,
				549662AC240814C200AC55BE /* LayoutButton.swift in Sources */,
				54AF41EF24193A6100B1AE17 /* ImagePickerView.swift in Sources */,
				545052252406E26600084CC1 /* ViewController.swift in Sources */,
				54F3D00E24194DB7003514C3 /* ImagePickerButton.swift in Sources */,
				545052212406E26600084CC1 /* AppDelegate.swift in Sources */,
				545052232406E26600084CC1 /* SceneDelegate.swift in Sources */,
			);
			runOnlyForDeploymentPostprocessing = 0;
		};
/* End PBXSourcesBuildPhase section */

/* Begin PBXVariantGroup section */
		545052262406E26600084CC1 /* Main.storyboard */ = {
			isa = PBXVariantGroup;
			children = (
				545052272406E26600084CC1 /* Base */,
			);
			name = Main.storyboard;
			sourceTree = "<group>";
		};
		5450522B2406E26800084CC1 /* LaunchScreen.storyboard */ = {
			isa = PBXVariantGroup;
			children = (
				5450522C2406E26800084CC1 /* Base */,
			);
			name = LaunchScreen.storyboard;
			sourceTree = "<group>";
		};
/* End PBXVariantGroup section */

/* Begin XCBuildConfiguration section */
		5450522F2406E26800084CC1 /* Debug */ = {
			isa = XCBuildConfiguration;
			buildSettings = {
				ALWAYS_SEARCH_USER_PATHS = NO;
				CLANG_ANALYZER_NONNULL = YES;
				CLANG_ANALYZER_NUMBER_OBJECT_CONVERSION = YES_AGGRESSIVE;
				CLANG_CXX_LANGUAGE_STANDARD = "gnu++14";
				CLANG_CXX_LIBRARY = "libc++";
				CLANG_ENABLE_MODULES = YES;
				CLANG_ENABLE_OBJC_ARC = YES;
				CLANG_ENABLE_OBJC_WEAK = YES;
				CLANG_WARN_BLOCK_CAPTURE_AUTORELEASING = YES;
				CLANG_WARN_BOOL_CONVERSION = YES;
				CLANG_WARN_COMMA = YES;
				CLANG_WARN_CONSTANT_CONVERSION = YES;
				CLANG_WARN_DEPRECATED_OBJC_IMPLEMENTATIONS = YES;
				CLANG_WARN_DIRECT_OBJC_ISA_USAGE = YES_ERROR;
				CLANG_WARN_DOCUMENTATION_COMMENTS = YES;
				CLANG_WARN_EMPTY_BODY = YES;
				CLANG_WARN_ENUM_CONVERSION = YES;
				CLANG_WARN_INFINITE_RECURSION = YES;
				CLANG_WARN_INT_CONVERSION = YES;
				CLANG_WARN_NON_LITERAL_NULL_CONVERSION = YES;
				CLANG_WARN_OBJC_IMPLICIT_RETAIN_SELF = YES;
				CLANG_WARN_OBJC_LITERAL_CONVERSION = YES;
				CLANG_WARN_OBJC_ROOT_CLASS = YES_ERROR;
				CLANG_WARN_RANGE_LOOP_ANALYSIS = YES;
				CLANG_WARN_STRICT_PROTOTYPES = YES;
				CLANG_WARN_SUSPICIOUS_MOVE = YES;
				CLANG_WARN_UNGUARDED_AVAILABILITY = YES_AGGRESSIVE;
				CLANG_WARN_UNREACHABLE_CODE = YES;
				CLANG_WARN__DUPLICATE_METHOD_MATCH = YES;
				COPY_PHASE_STRIP = NO;
				DEBUG_INFORMATION_FORMAT = dwarf;
				ENABLE_STRICT_OBJC_MSGSEND = YES;
				ENABLE_TESTABILITY = YES;
				GCC_C_LANGUAGE_STANDARD = gnu11;
				GCC_DYNAMIC_NO_PIC = NO;
				GCC_NO_COMMON_BLOCKS = YES;
				GCC_OPTIMIZATION_LEVEL = 0;
				GCC_PREPROCESSOR_DEFINITIONS = (
					"DEBUG=1",
					"$(inherited)",
				);
				GCC_WARN_64_TO_32_BIT_CONVERSION = YES;
				GCC_WARN_ABOUT_RETURN_TYPE = YES_ERROR;
				GCC_WARN_UNDECLARED_SELECTOR = YES;
				GCC_WARN_UNINITIALIZED_AUTOS = YES_AGGRESSIVE;
				GCC_WARN_UNUSED_FUNCTION = YES;
				GCC_WARN_UNUSED_VARIABLE = YES;
				IPHONEOS_DEPLOYMENT_TARGET = 13.2;
				MTL_ENABLE_DEBUG_INFO = INCLUDE_SOURCE;
				MTL_FAST_MATH = YES;
				ONLY_ACTIVE_ARCH = YES;
				SDKROOT = iphoneos;
				SWIFT_ACTIVE_COMPILATION_CONDITIONS = DEBUG;
				SWIFT_OPTIMIZATION_LEVEL = "-Onone";
			};
			name = Debug;
		};
		545052302406E26800084CC1 /* Release */ = {
			isa = XCBuildConfiguration;
			buildSettings = {
				ALWAYS_SEARCH_USER_PATHS = NO;
				CLANG_ANALYZER_NONNULL = YES;
				CLANG_ANALYZER_NUMBER_OBJECT_CONVERSION = YES_AGGRESSIVE;
				CLANG_CXX_LANGUAGE_STANDARD = "gnu++14";
				CLANG_CXX_LIBRARY = "libc++";
				CLANG_ENABLE_MODULES = YES;
				CLANG_ENABLE_OBJC_ARC = YES;
				CLANG_ENABLE_OBJC_WEAK = YES;
				CLANG_WARN_BLOCK_CAPTURE_AUTORELEASING = YES;
				CLANG_WARN_BOOL_CONVERSION = YES;
				CLANG_WARN_COMMA = YES;
				CLANG_WARN_CONSTANT_CONVERSION = YES;
				CLANG_WARN_DEPRECATED_OBJC_IMPLEMENTATIONS = YES;
				CLANG_WARN_DIRECT_OBJC_ISA_USAGE = YES_ERROR;
				CLANG_WARN_DOCUMENTATION_COMMENTS = YES;
				CLANG_WARN_EMPTY_BODY = YES;
				CLANG_WARN_ENUM_CONVERSION = YES;
				CLANG_WARN_INFINITE_RECURSION = YES;
				CLANG_WARN_INT_CONVERSION = YES;
				CLANG_WARN_NON_LITERAL_NULL_CONVERSION = YES;
				CLANG_WARN_OBJC_IMPLICIT_RETAIN_SELF = YES;
				CLANG_WARN_OBJC_LITERAL_CONVERSION = YES;
				CLANG_WARN_OBJC_ROOT_CLASS = YES_ERROR;
				CLANG_WARN_RANGE_LOOP_ANALYSIS = YES;
				CLANG_WARN_STRICT_PROTOTYPES = YES;
				CLANG_WARN_SUSPICIOUS_MOVE = YES;
				CLANG_WARN_UNGUARDED_AVAILABILITY = YES_AGGRESSIVE;
				CLANG_WARN_UNREACHABLE_CODE = YES;
				CLANG_WARN__DUPLICATE_METHOD_MATCH = YES;
				COPY_PHASE_STRIP = NO;
				DEBUG_INFORMATION_FORMAT = "dwarf-with-dsym";
				ENABLE_NS_ASSERTIONS = NO;
				ENABLE_STRICT_OBJC_MSGSEND = YES;
				GCC_C_LANGUAGE_STANDARD = gnu11;
				GCC_NO_COMMON_BLOCKS = YES;
				GCC_WARN_64_TO_32_BIT_CONVERSION = YES;
				GCC_WARN_ABOUT_RETURN_TYPE = YES_ERROR;
				GCC_WARN_UNDECLARED_SELECTOR = YES;
				GCC_WARN_UNINITIALIZED_AUTOS = YES_AGGRESSIVE;
				GCC_WARN_UNUSED_FUNCTION = YES;
				GCC_WARN_UNUSED_VARIABLE = YES;
				IPHONEOS_DEPLOYMENT_TARGET = 13.2;
				MTL_ENABLE_DEBUG_INFO = NO;
				MTL_FAST_MATH = YES;
				SDKROOT = iphoneos;
				SWIFT_COMPILATION_MODE = wholemodule;
				SWIFT_OPTIMIZATION_LEVEL = "-O";
				VALIDATE_PRODUCT = YES;
			};
			name = Release;
		};
		545052322406E26800084CC1 /* Debug */ = {
			isa = XCBuildConfiguration;
			buildSettings = {
				ASSETCATALOG_COMPILER_APPICON_NAME = AppIcon;
				CODE_SIGN_STYLE = Automatic;
				DEVELOPMENT_TEAM = 3WS3AGFCZ8;
				INFOPLIST_FILE = "PhotoApp/Supporting Files/Info.plist";
				LD_RUNPATH_SEARCH_PATHS = (
					"$(inherited)",
					"@executable_path/Frameworks",
				);
				PRODUCT_BUNDLE_IDENTIFIER = com.haroldeuh.PhotoApp;
				PRODUCT_NAME = "$(TARGET_NAME)";
				SWIFT_VERSION = 5.0;
				TARGETED_DEVICE_FAMILY = "1,2";
			};
			name = Debug;
		};
		545052332406E26800084CC1 /* Release */ = {
			isa = XCBuildConfiguration;
			buildSettings = {
				ASSETCATALOG_COMPILER_APPICON_NAME = AppIcon;
				CODE_SIGN_STYLE = Automatic;
				DEVELOPMENT_TEAM = 3WS3AGFCZ8;
				INFOPLIST_FILE = "PhotoApp/Supporting Files/Info.plist";
				LD_RUNPATH_SEARCH_PATHS = (
					"$(inherited)",
					"@executable_path/Frameworks",
				);
				PRODUCT_BUNDLE_IDENTIFIER = com.haroldeuh.PhotoApp;
				PRODUCT_NAME = "$(TARGET_NAME)";
				SWIFT_VERSION = 5.0;
				TARGETED_DEVICE_FAMILY = "1,2";
			};
			name = Release;
		};
/* End XCBuildConfiguration section */

/* Begin XCConfigurationList section */
		545052182406E26600084CC1 /* Build configuration list for PBXProject "PhotoApp" */ = {
			isa = XCConfigurationList;
			buildConfigurations = (
				5450522F2406E26800084CC1 /* Debug */,
				545052302406E26800084CC1 /* Release */,
			);
			defaultConfigurationIsVisible = 0;
			defaultConfigurationName = Release;
		};
		545052312406E26800084CC1 /* Build configuration list for PBXNativeTarget "PhotoApp" */ = {
			isa = XCConfigurationList;
			buildConfigurations = (
				545052322406E26800084CC1 /* Debug */,
				545052332406E26800084CC1 /* Release */,
			);
			defaultConfigurationIsVisible = 0;
			defaultConfigurationName = Release;
		};
/* End XCConfigurationList section */
	};
	rootObject = 545052152406E26600084CC1 /* Project object */;
}
